{
  "nodes": {
    "nixpkgs": {
      "locked": {
        "lastModified": 1783545186,
        "narHash": "sha256-3WcjOiOyK4UuhA+wowfiwLe8vLYp/EZgHDGV/jkk+Q8=",
        "owner": "NixOS",
        "repo": "nixpkgs",
        "rev": "389ed85304b281ca7f306cf8a1eb4378651ca44e",
        "type": "github"
      },
      "original": {
        "owner": "NixOS",
        "ref": "nixpkgs-unstable",
        "repo": "nixpkgs",
        "type": "github"
      }
    },
    "root": {
      "inputs": {
        "nixpkgs": "nixpkgs"
      }
    }
  },
  "root": "root",
  "version": 7
}
